{
  "name": "opensquilla-ui-package-workspace",
  "version": "0.0.0",
  "lockfileVersion": 3,
  "requires": true,
  "packages": {
    "": {
      "name": "opensquilla-ui-package-workspace",
      "version": "0.0.0",
      "license": "Apache-2.0",
      "workspaces": [
        "packages/ui-tokens",
        "packages/ui-primitives",
        "packages/ui-foundation"
      ],
      "devDependencies": {
        "typescript": "^5.4.5"
      },
      "engines": {
        "node": ">=22.12.0"
      }
    },
    "node_modules/@opensquilla/ui-foundation": {
      "resolved": "packages/ui-foundation",
      "link": true
    },
    "node_modules/@opensquilla/ui-primitives": {
      "resolved": "packages/ui-primitives",
      "link": true
    },
    "node_modules/@opensquilla/ui-tokens": {
      "resolved": "packages/ui-tokens",
      "link": true
    },
    "node_modules/typescript": {
      "version": "5.9.3",
      "resolved": "https://registry.npmjs.org/typescript/-/typescript-5.9.3.tgz",
      "integrity": "sha512-jl1vZzPDinLr9eUt3J/t7V6FgNEw9QjvBPdysz9KfQDD41fQrC2Y4vKQdiaUpFT4bXlb1RHhLpp8wtm6M5TgSw==",
      "dev": true,
      "license": "Apache-2.0",
      "bin": {
        "tsc": "bin/tsc",
        "tsserver": "bin/tsserver"
      },
      "engines": {
        "node": ">=14.17"
      }
    },
    "packages/ui-foundation": {
      "name": "@opensquilla/ui-foundation",
      "version": "0.1.0",
      "license": "Apache-2.0",
      "engines": {
        "node": ">=22.12.0"
      }
    },
    "packages/ui-primitives": {
      "name": "@opensquilla/ui-primitives",
      "version": "0.1.0",
      "license": "Apache-2.0",
      "engines": {
        "node": ">=22.12.0"
      }
    },
    "packages/ui-tokens": {
      "name": "@opensquilla/ui-tokens",
      "version": "0.1.0",
      "license": "Apache-2.0",
      "engines": {
        "node": ">=22.12.0"
      }
    }
  }
}
